
Microsoft Visual Studio Solution File, Format Version 12.00
# Visual Studio Version 17
VisualStudioVersion = 17.0.32112.339
MinimumVisualStudioVersion = 10.0.40219.1
Project("{9A19103F-16F7-4668-BE54-9A1E7A4F7556}") = "TimeSeriesBundleIngestor", "TimeSeriesBundleIngestor\TimeSeriesBundleIngestor.csproj", "{03C494AD-C4D9-42A1-976B-BF906CF6DB41}"
EndProject
Project("{9A19103F-16F7-4668-BE54-9A1E7A4F7556}") = "MessageReceiver.IntegrationTests", "MessageReceiver.IntegrationTests\MessageReceiver.IntegrationTests.csproj", "{E4424831-9F73-4A4A-8D43-92EA6BE0E675}"
EndProject
Project("{9A19103F-16F7-4668-BE54-9A1E7A4F7556}") = "Infrastructure", "Infrastructure\Infrastructure.csproj", "{987662B1-5EC9-4DCD-888D-F1A3E7633487}"
EndProject
Project("{9A19103F-16F7-4668-BE54-9A1E7A4F7556}") = "Application", "Application\Application.csproj", "{A5BD4056-C2FB-462D-9001-F810C6B434CA}"
EndProject
Project("{2150E333-8FDC-42A3-9474-1A3956D46DE8}") = "Tests", "Tests", "{A99DA8F8-733C-406B-BFFE-2AE72ED12E94}"
EndProject
Project("{FAE04EC0-301F-11D3-BF4B-00C04F79EFBC}") = "UnitTests", "UnitTests\UnitTests.csproj", "{6077E0C2-6B76-4295-964E-4DC7A613B0E2}"
EndProject
Project("{9A19103F-16F7-4668-BE54-9A1E7A4F7556}") = "TestCore", "TestCore\TestCore.csproj", "{855C5A90-1E2E-40F8-89C7-1C319E10DC56}"
EndProject
Global
	GlobalSection(SolutionConfigurationPlatforms) = preSolution
		Debug|Any CPU = Debug|Any CPU
		Release|Any CPU = Release|Any CPU
	EndGlobalSection
	GlobalSection(ProjectConfigurationPlatforms) = postSolution
		{03C494AD-C4D9-42A1-976B-BF906CF6DB41}.Debug|Any CPU.ActiveCfg = Debug|Any CPU
		{03C494AD-C4D9-42A1-976B-BF906CF6DB41}.Debug|Any CPU.Build.0 = Debug|Any CPU
		{03C494AD-C4D9-42A1-976B-BF906CF6DB41}.Release|Any CPU.ActiveCfg = Release|Any CPU
		{03C494AD-C4D9-42A1-976B-BF906CF6DB41}.Release|Any CPU.Build.0 = Release|Any CPU
		{E4424831-9F73-4A4A-8D43-92EA6BE0E675}.Debug|Any CPU.ActiveCfg = Debug|Any CPU
		{E4424831-9F73-4A4A-8D43-92EA6BE0E675}.Debug|Any CPU.Build.0 = Debug|Any CPU
		{E4424831-9F73-4A4A-8D43-92EA6BE0E675}.Release|Any CPU.ActiveCfg = Release|Any CPU
		{E4424831-9F73-4A4A-8D43-92EA6BE0E675}.Release|Any CPU.Build.0 = Release|Any CPU
		{987662B1-5EC9-4DCD-888D-F1A3E7633487}.Debug|Any CPU.ActiveCfg = Debug|Any CPU
		{987662B1-5EC9-4DCD-888D-F1A3E7633487}.Debug|Any CPU.Build.0 = Debug|Any CPU
		{987662B1-5EC9-4DCD-888D-F1A3E7633487}.Release|Any CPU.ActiveCfg = Release|Any CPU
		{987662B1-5EC9-4DCD-888D-F1A3E7633487}.Release|Any CPU.Build.0 = Release|Any CPU
		{A5BD4056-C2FB-462D-9001-F810C6B434CA}.Debug|Any CPU.ActiveCfg = Debug|Any CPU
		{A5BD4056-C2FB-462D-9001-F810C6B434CA}.Debug|Any CPU.Build.0 = Debug|Any CPU
		{A5BD4056-C2FB-462D-9001-F810C6B434CA}.Release|Any CPU.ActiveCfg = Release|Any CPU
		{A5BD4056-C2FB-462D-9001-F810C6B434CA}.Release|Any CPU.Build.0 = Release|Any CPU
		{6077E0C2-6B76-4295-964E-4DC7A613B0E2}.Debug|Any CPU.ActiveCfg = Debug|Any CPU
		{6077E0C2-6B76-4295-964E-4DC7A613B0E2}.Debug|Any CPU.Build.0 = Debug|Any CPU
		{6077E0C2-6B76-4295-964E-4DC7A613B0E2}.Release|Any CPU.ActiveCfg = Release|Any CPU
		{6077E0C2-6B76-4295-964E-4DC7A613B0E2}.Release|Any CPU.Build.0 = Release|Any CPU
		{855C5A90-1E2E-40F8-89C7-1C319E10DC56}.Debug|Any CPU.ActiveCfg = Debug|Any CPU
		{855C5A90-1E2E-40F8-89C7-1C319E10DC56}.Debug|Any CPU.Build.0 = Debug|Any CPU
		{855C5A90-1E2E-40F8-89C7-1C319E10DC56}.Release|Any CPU.ActiveCfg = Release|Any CPU
		{855C5A90-1E2E-40F8-89C7-1C319E10DC56}.Release|Any CPU.Build.0 = Release|Any CPU
	EndGlobalSection
	GlobalSection(SolutionProperties) = preSolution
		HideSolutionNode = FALSE
	EndGlobalSection
	GlobalSection(NestedProjects) = preSolution
		{E4424831-9F73-4A4A-8D43-92EA6BE0E675} = {A99DA8F8-733C-406B-BFFE-2AE72ED12E94}
		{6077E0C2-6B76-4295-964E-4DC7A613B0E2} = {A99DA8F8-733C-406B-BFFE-2AE72ED12E94}
		{855C5A90-1E2E-40F8-89C7-1C319E10DC56} = {A99DA8F8-733C-406B-BFFE-2AE72ED12E94}
	EndGlobalSection
	GlobalSection(ExtensibilityGlobals) = postSolution
		SolutionGuid = {EF93579A-BB45-42B5-AD08-2321ADC1B4CB}
	EndGlobalSection
EndGlobal
