
Microsoft Visual Studio Solution File, Format Version 12.00
# Visual Studio Version 17
VisualStudioVersion = 17.0.32112.339
MinimumVisualStudioVersion = 10.0.40219.1
Project("{FAE04EC0-301F-11D3-BF4B-00C04F79EFBC}") = "TimeSeries.Persister", "TimeSeries.Persister.csproj", "{D78E1095-DBCC-4D93-986F-400E821E03DC}"
EndProject
Global
	GlobalSection(SolutionConfigurationPlatforms) = preSolution
		Debug|Any CPU = Debug|Any CPU
		Release|Any CPU = Release|Any CPU
	EndGlobalSection
	GlobalSection(ProjectConfigurationPlatforms) = postSolution
		{D78E1095-DBCC-4D93-986F-400E821E03DC}.Debug|Any CPU.ActiveCfg = Debug|Any CPU
		{D78E1095-DBCC-4D93-986F-400E821E03DC}.Debug|Any CPU.Build.0 = Debug|Any CPU
		{D78E1095-DBCC-4D93-986F-400E821E03DC}.Release|Any CPU.ActiveCfg = Release|Any CPU
		{D78E1095-DBCC-4D93-986F-400E821E03DC}.Release|Any CPU.Build.0 = Release|Any CPU
	EndGlobalSection
	GlobalSection(SolutionProperties) = preSolution
		HideSolutionNode = FALSE
	EndGlobalSection
	GlobalSection(ExtensibilityGlobals) = postSolution
		SolutionGuid = {8B540835-3A70-4808-8DF7-91BCFB966CF0}
	EndGlobalSection
EndGlobal
